
Microsoft Visual Studio Solution File, Format Version 12.00
# Visual Studio 2012
Project("{8BC9CEB8-8B4A-11D0-8D11-00A0C91BC942}") = "ArrayGenomeProject", "ArrayGenomeProject\ArrayGenomeProject.vcxproj", "{EC777320-40A1-428E-BE53-C6C4822AB19A}"
EndProject
Global
	GlobalSection(SolutionConfigurationPlatforms) = preSolution
		Debug|Win32 = Debug|Win32
		Release|Win32 = Release|Win32
	EndGlobalSection
	GlobalSection(ProjectConfigurationPlatforms) = postSolution
		{EC777320-40A1-428E-BE53-C6C4822AB19A}.Debug|Win32.ActiveCfg = Debug|Win32
		{EC777320-40A1-428E-BE53-C6C4822AB19A}.Debug|Win32.Build.0 = Debug|Win32
		{EC777320-40A1-428E-BE53-C6C4822AB19A}.Release|Win32.ActiveCfg = Release|Win32
		{EC777320-40A1-428E-BE53-C6C4822AB19A}.Release|Win32.Build.0 = Release|Win32
	EndGlobalSection
	GlobalSection(SolutionProperties) = preSolution
		HideSolutionNode = FALSE
	EndGlobalSection
	GlobalSection(Performance) = preSolution
		HasPerformanceSessions = true
	EndGlobalSection
EndGlobal
